
Microsoft Visual Studio Solution File, Format Version 12.00
# Visual Studio 2012
Project("{E24C65DC-7377-472B-9ABA-BC803B73C61A}") = "pregunta3", ".", "{C3A97801-08BA-48E0-9401-4238F23E1EAD}"
	ProjectSection(WebsiteProperties) = preProject
		TargetFrameworkMoniker = ".NETFramework,Version%3Dv4.0"
		Debug.AspNetCompiler.VirtualPath = "/pregunta3"
		Debug.AspNetCompiler.PhysicalPath = "..\pregunta3\"
		Debug.AspNetCompiler.TargetPath = "PrecompiledWeb\pregunta3\"
		Debug.AspNetCompiler.Updateable = "true"
		Debug.AspNetCompiler.ForceOverwrite = "true"
		Debug.AspNetCompiler.FixedNames = "false"
		Debug.AspNetCompiler.Debug = "True"
		Release.AspNetCompiler.VirtualPath = "/pregunta3"
		Release.AspNetCompiler.PhysicalPath = "..\pregunta3\"
		Release.AspNetCompiler.TargetPath = "PrecompiledWeb\pregunta3\"
		Release.AspNetCompiler.Updateable = "true"
		Release.AspNetCompiler.ForceOverwrite = "true"
		Release.AspNetCompiler.FixedNames = "false"
		Release.AspNetCompiler.Debug = "False"
		VWDPort = "28333"
	EndProjectSection
EndProject
Global
	GlobalSection(SolutionConfigurationPlatforms) = preSolution
		Debug|Any CPU = Debug|Any CPU
	EndGlobalSection
	GlobalSection(ProjectConfigurationPlatforms) = postSolution
		{C3A97801-08BA-48E0-9401-4238F23E1EAD}.Debug|Any CPU.ActiveCfg = Debug|Any CPU
		{C3A97801-08BA-48E0-9401-4238F23E1EAD}.Debug|Any CPU.Build.0 = Debug|Any CPU
	EndGlobalSection
	GlobalSection(SolutionProperties) = preSolution
		HideSolutionNode = FALSE
	EndGlobalSection
EndGlobal
